{
  "version": 1,
  "dependencies": {
    "net8.0-windows7.0": {
      "DalamudPackager": {
        "type": "Direct",
        "requested": "[11.0.0, )",
        "resolved": "11.0.0",
        "contentHash": "bjT7XUlhIJSmsE/O76b7weUX+evvGQctbQB8aKXt94o+oPWxHpCepxAGMs7Thow3AzCyqWs7cOpp9/2wcgRRQA=="
      },
      "JetBrains.Annotations": {
        "type": "Transitive",
        "resolved": "2024.2.0",
        "contentHash": "GNnqCFW/163p1fOehKx0CnAqjmpPrUSqrgfHM6qca+P+RN39C9rhlfZHQpJhxmQG/dkOYe/b3Z0P8b6Kv5m1qw=="
      },
      "ffxivclientstructs": {
        "type": "Project",
        "dependencies": {
          "InteropGenerator.Runtime": "[1.0.0, )",
          "JetBrains.Annotations": "[2024.2.0, )"
        }
      },
      "interopgenerator.runtime": {
        "type": "Project"
      }
    }
  }
}